
Microsoft Visual Studio Solution File, Format Version 12.00
# Visual Studio Version 17
VisualStudioVersion = 17.0.31903.59
MinimumVisualStudioVersion = 10.0.40219.1
Project("{FAE04EC0-301F-11D3-BF4B-00C04F79EFBC}") = "MyShopPay", "MyShopPay\MyShopPay.csproj", "{23D4BCF9-410E-4265-80BB-A2DEC3AC1DE1}"
EndProject
Global
	GlobalSection(SolutionConfigurationPlatforms) = preSolution
		Debug|Any CPU = Debug|Any CPU
		Release|Any CPU = Release|Any CPU
	EndGlobalSection
	GlobalSection(ProjectConfigurationPlatforms) = postSolution
		{23D4BCF9-410E-4265-80BB-A2DEC3AC1DE1}.Debug|Any CPU.ActiveCfg = Debug|Any CPU
		{23D4BCF9-410E-4265-80BB-A2DEC3AC1DE1}.Debug|Any CPU.Build.0 = Debug|Any CPU
		{23D4BCF9-410E-4265-80BB-A2DEC3AC1DE1}.Release|Any CPU.ActiveCfg = Release|Any CPU
		{23D4BCF9-410E-4265-80BB-A2DEC3AC1DE1}.Release|Any CPU.Build.0 = Release|Any CPU
	EndGlobalSection
	GlobalSection(SolutionProperties) = preSolution
		HideSolutionNode = FALSE
	EndGlobalSection
	GlobalSection(ExtensibilityGlobals) = postSolution
		SolutionGuid = {92A760E5-5202-4EC0-A834-CAA8AF50BDFE}
	EndGlobalSection
EndGlobal
